
Microsoft Visual Studio Solution File, Format Version 12.00
# Visual Studio Version 16
VisualStudioVersion = 16.0.31911.196
MinimumVisualStudioVersion = 10.0.40219.1
Project("{FAE04EC0-301F-11D3-BF4B-00C04F79EFBC}") = "BookExchange.Core", "BookExchange.Core\BookExchange.Core.csproj", "{A10D17B4-2E97-48FC-839E-3F09538EFDDB}"
EndProject
Project("{FAE04EC0-301F-11D3-BF4B-00C04F79EFBC}") = "BookExchange.DataAccess.SQL", "BookExchange.DataAccess.SQL\BookExchange.DataAccess.SQL.csproj", "{23442CFD-43B9-4FF5-A200-47EFC1A07415}"
EndProject
Project("{FAE04EC0-301F-11D3-BF4B-00C04F79EFBC}") = "BookExchange.WebUI", "BookExchange.WebUI\BookExchange.WebUI.csproj", "{ED136CFC-0C3C-4A04-9884-75247FC46FB3}"
EndProject
Global
	GlobalSection(SolutionConfigurationPlatforms) = preSolution
		Debug|Any CPU = Debug|Any CPU
		Release|Any CPU = Release|Any CPU
	EndGlobalSection
	GlobalSection(ProjectConfigurationPlatforms) = postSolution
		{A10D17B4-2E97-48FC-839E-3F09538EFDDB}.Debug|Any CPU.ActiveCfg = Debug|Any CPU
		{A10D17B4-2E97-48FC-839E-3F09538EFDDB}.Debug|Any CPU.Build.0 = Debug|Any CPU
		{A10D17B4-2E97-48FC-839E-3F09538EFDDB}.Release|Any CPU.ActiveCfg = Release|Any CPU
		{A10D17B4-2E97-48FC-839E-3F09538EFDDB}.Release|Any CPU.Build.0 = Release|Any CPU
		{23442CFD-43B9-4FF5-A200-47EFC1A07415}.Debug|Any CPU.ActiveCfg = Debug|Any CPU
		{23442CFD-43B9-4FF5-A200-47EFC1A07415}.Debug|Any CPU.Build.0 = Debug|Any CPU
		{23442CFD-43B9-4FF5-A200-47EFC1A07415}.Release|Any CPU.ActiveCfg = Release|Any CPU
		{23442CFD-43B9-4FF5-A200-47EFC1A07415}.Release|Any CPU.Build.0 = Release|Any CPU
		{ED136CFC-0C3C-4A04-9884-75247FC46FB3}.Debug|Any CPU.ActiveCfg = Debug|Any CPU
		{ED136CFC-0C3C-4A04-9884-75247FC46FB3}.Debug|Any CPU.Build.0 = Debug|Any CPU
		{ED136CFC-0C3C-4A04-9884-75247FC46FB3}.Release|Any CPU.ActiveCfg = Release|Any CPU
		{ED136CFC-0C3C-4A04-9884-75247FC46FB3}.Release|Any CPU.Build.0 = Release|Any CPU
	EndGlobalSection
	GlobalSection(SolutionProperties) = preSolution
		HideSolutionNode = FALSE
	EndGlobalSection
	GlobalSection(ExtensibilityGlobals) = postSolution
		SolutionGuid = {54B1BB5D-CD9A-415E-80E3-26FBD5C7A40C}
	EndGlobalSection
EndGlobal
